
Microsoft Visual Studio Solution File, Format Version 12.00
# Visual Studio Version 17
VisualStudioVersion = 17.9.34728.123
MinimumVisualStudioVersion = 10.0.40219.1
Project("{FAE04EC0-301F-11D3-BF4B-00C04F79EFBC}") = "SIMSApi", "SIMSApi\SIMSApi.csproj", "{4411C9C5-D3A6-4F49-B223-60A62974EBF0}"
EndProject
Global
	GlobalSection(SolutionConfigurationPlatforms) = preSolution
		Debug|Any CPU = Debug|Any CPU
		Release|Any CPU = Release|Any CPU
	EndGlobalSection
	GlobalSection(ProjectConfigurationPlatforms) = postSolution
		{4411C9C5-D3A6-4F49-B223-60A62974EBF0}.Debug|Any CPU.ActiveCfg = Debug|Any CPU
		{4411C9C5-D3A6-4F49-B223-60A62974EBF0}.Debug|Any CPU.Build.0 = Debug|Any CPU
		{4411C9C5-D3A6-4F49-B223-60A62974EBF0}.Release|Any CPU.ActiveCfg = Release|Any CPU
		{4411C9C5-D3A6-4F49-B223-60A62974EBF0}.Release|Any CPU.Build.0 = Release|Any CPU
	EndGlobalSection
	GlobalSection(SolutionProperties) = preSolution
		HideSolutionNode = FALSE
	EndGlobalSection
	GlobalSection(ExtensibilityGlobals) = postSolution
		SolutionGuid = {420339A3-6EFA-4DBF-AE49-91DA9C989C0F}
	EndGlobalSection
EndGlobal
